
Microsoft Visual Studio Solution File, Format Version 12.00
# Visual Studio Version 16
VisualStudioVersion = 16.0.32228.343
MinimumVisualStudioVersion = 10.0.40219.1
Project("{9A19103F-16F7-4668-BE54-9A1E7A4F7556}") = "TestingMlNet", "TestingMlNet\TestingMlNet.csproj", "{65F73DF6-4259-4B56-843A-16CF1D96BDFC}"
EndProject
Project("{9A19103F-16F7-4668-BE54-9A1E7A4F7556}") = "ANN-Project", "ANN-Project\ANN-Project.csproj", "{D553E1A6-6216-4079-8EAF-025610B8096D}"
EndProject
Global
	GlobalSection(SolutionConfigurationPlatforms) = preSolution
		Debug|Any CPU = Debug|Any CPU
		Release|Any CPU = Release|Any CPU
	EndGlobalSection
	GlobalSection(ProjectConfigurationPlatforms) = postSolution
		{65F73DF6-4259-4B56-843A-16CF1D96BDFC}.Debug|Any CPU.ActiveCfg = Debug|Any CPU
		{65F73DF6-4259-4B56-843A-16CF1D96BDFC}.Debug|Any CPU.Build.0 = Debug|Any CPU
		{65F73DF6-4259-4B56-843A-16CF1D96BDFC}.Release|Any CPU.ActiveCfg = Release|Any CPU
		{65F73DF6-4259-4B56-843A-16CF1D96BDFC}.Release|Any CPU.Build.0 = Release|Any CPU
		{D553E1A6-6216-4079-8EAF-025610B8096D}.Debug|Any CPU.ActiveCfg = Debug|Any CPU
		{D553E1A6-6216-4079-8EAF-025610B8096D}.Debug|Any CPU.Build.0 = Debug|Any CPU
		{D553E1A6-6216-4079-8EAF-025610B8096D}.Release|Any CPU.ActiveCfg = Release|Any CPU
		{D553E1A6-6216-4079-8EAF-025610B8096D}.Release|Any CPU.Build.0 = Release|Any CPU
	EndGlobalSection
	GlobalSection(SolutionProperties) = preSolution
		HideSolutionNode = FALSE
	EndGlobalSection
	GlobalSection(ExtensibilityGlobals) = postSolution
		SolutionGuid = {65A97983-E661-4B99-ADEE-7461C44BB1BC}
	EndGlobalSection
EndGlobal
